<?xml version="1.0" encoding="utf-8"?>
<Project ToolsVersion="12.0" xmlns="http://schemas.microsoft.com/developer/msbuild/2003">
  <ItemGroup>
    <ClCompile Include="..\..\source_code\opencv-2.4.13.4\modules\flann\src\flann.cpp">
      <Filter>Src</Filter>
    </ClCompile>
    <ClCompile Include="..\..\source_code\opencv-2.4.13.4\modules\flann\src\miniflann.cpp">
      <Filter>Src</Filter>
    </ClCompile>
    <ClCompile Include="opencv_flann_pch.cpp">
      <Filter>Source Files</Filter>
    </ClCompile>
  </ItemGroup>
  <ItemGroup>
    <ClInclude Include="..\..\source_code\opencv-2.4.13.4\modules\flann\include\opencv2\flann.hpp">
      <Filter>Include</Filter>
    </ClInclude>
    <ClInclude Include="..\..\source_code\opencv-2.4.13.4\modules\flann\include\opencv2\flann\flann.hpp">
      <Filter>Include</Filter>
    </ClInclude>
    <ClInclude Include="..\..\source_code\opencv-2.4.13.4\modules\flann\include\opencv2\flann\flann_base.hpp">
      <Filter>Include</Filter>
    </ClInclude>
    <ClInclude Include="..\..\source_code\opencv-2.4.13.4\modules\flann\include\opencv2\flann\miniflann.hpp">
      <Filter>Include</Filter>
    </ClInclude>
    <ClInclude Include="..\..\source_code\opencv-2.4.13.4\modules\flann\include\opencv2\flann\allocator.h">
      <Filter>Include</Filter>
    </ClInclude>
    <ClInclude Include="..\..\source_code\opencv-2.4.13.4\modules\flann\include\opencv2\flann\all_indices.h">
      <Filter>Include</Filter>
    </ClInclude>
    <ClInclude Include="..\..\source_code\opencv-2.4.13.4\modules\flann\include\opencv2\flann\any.h">
      <Filter>Include</Filter>
    </ClInclude>
    <ClInclude Include="..\..\source_code\opencv-2.4.13.4\modules\flann\include\opencv2\flann\autotuned_index.h">
      <Filter>Include</Filter>
    </ClInclude>
    <ClInclude Include="..\..\source_code\opencv-2.4.13.4\modules\flann\include\opencv2\flann\composite_index.h">
      <Filter>Include</Filter>
    </ClInclude>
    <ClInclude Include="..\..\source_code\opencv-2.4.13.4\modules\flann\include\opencv2\flann\config.h">
      <Filter>Include</Filter>
    </ClInclude>
    <ClInclude Include="..\..\source_code\opencv-2.4.13.4\modules\flann\include\opencv2\flann\defines.h">
      <Filter>Include</Filter>
    </ClInclude>
    <ClInclude Include="..\..\source_code\opencv-2.4.13.4\modules\flann\include\opencv2\flann\dist.h">
      <Filter>Include</Filter>
    </ClInclude>
    <ClInclude Include="..\..\source_code\opencv-2.4.13.4\modules\flann\include\opencv2\flann\dummy.h">
      <Filter>Include</Filter>
    </ClInclude>
    <ClInclude Include="..\..\source_code\opencv-2.4.13.4\modules\flann\include\opencv2\flann\dynamic_bitset.h">
      <Filter>Include</Filter>
    </ClInclude>
    <ClInclude Include="..\..\source_code\opencv-2.4.13.4\modules\flann\include\opencv2\flann\general.h">
      <Filter>Include</Filter>
    </ClInclude>
    <ClInclude Include="..\..\source_code\opencv-2.4.13.4\modules\flann\include\opencv2\flann\ground_truth.h">
      <Filter>Include</Filter>
    </ClInclude>
    <ClInclude Include="..\..\source_code\opencv-2.4.13.4\modules\flann\include\opencv2\flann\hdf5.h">
      <Filter>Include</Filter>
    </ClInclude>
    <ClInclude Include="..\..\source_code\opencv-2.4.13.4\modules\flann\include\opencv2\flann\heap.h">
      <Filter>Include</Filter>
    </ClInclude>
    <ClInclude Include="..\..\source_code\opencv-2.4.13.4\modules\flann\include\opencv2\flann\hierarchical_clustering_index.h">
      <Filter>Include</Filter>
    </ClInclude>
    <ClInclude Include="..\..\source_code\opencv-2.4.13.4\modules\flann\include\opencv2\flann\index_testing.h">
      <Filter>Include</Filter>
    </ClInclude>
    <ClInclude Include="..\..\source_code\opencv-2.4.13.4\modules\flann\include\opencv2\flann\kdtree_index.h">
      <Filter>Include</Filter>
    </ClInclude>
    <ClInclude Include="..\..\source_code\opencv-2.4.13.4\modules\flann\include\opencv2\flann\kdtree_single_index.h">
      <Filter>Include</Filter>
    </ClInclude>
    <ClInclude Include="..\..\source_code\opencv-2.4.13.4\modules\flann\include\opencv2\flann\kmeans_index.h">
      <Filter>Include</Filter>
    </ClInclude>
    <ClInclude Include="..\..\source_code\opencv-2.4.13.4\modules\flann\include\opencv2\flann\linear_index.h">
      <Filter>Include</Filter>
    </ClInclude>
    <ClInclude Include="..\..\source_code\opencv-2.4.13.4\modules\flann\include\opencv2\flann\logger.h">
      <Filter>Include</Filter>
    </ClInclude>
    <ClInclude Include="..\..\source_code\opencv-2.4.13.4\modules\flann\include\opencv2\flann\lsh_index.h">
      <Filter>Include</Filter>
    </ClInclude>
    <ClInclude Include="..\..\source_code\opencv-2.4.13.4\modules\flann\include\opencv2\flann\lsh_table.h">
      <Filter>Include</Filter>
    </ClInclude>
    <ClInclude Include="..\..\source_code\opencv-2.4.13.4\modules\flann\include\opencv2\flann\matrix.h">
      <Filter>Include</Filter>
    </ClInclude>
    <ClInclude Include="..\..\source_code\opencv-2.4.13.4\modules\flann\include\opencv2\flann\nn_index.h">
      <Filter>Include</Filter>
    </ClInclude>
    <ClInclude Include="..\..\source_code\opencv-2.4.13.4\modules\flann\include\opencv2\flann\object_factory.h">
      <Filter>Include</Filter>
    </ClInclude>
    <ClInclude Include="..\..\source_code\opencv-2.4.13.4\modules\flann\include\opencv2\flann\params.h">
      <Filter>Include</Filter>
    </ClInclude>
    <ClInclude Include="..\..\source_code\opencv-2.4.13.4\modules\flann\include\opencv2\flann\random.h">
      <Filter>Include</Filter>
    </ClInclude>
    <ClInclude Include="..\..\source_code\opencv-2.4.13.4\modules\flann\include\opencv2\flann\result_set.h">
      <Filter>Include</Filter>
    </ClInclude>
    <ClInclude Include="..\..\source_code\opencv-2.4.13.4\modules\flann\include\opencv2\flann\sampling.h">
      <Filter>Include</Filter>
    </ClInclude>
    <ClInclude Include="..\..\source_code\opencv-2.4.13.4\modules\flann\include\opencv2\flann\saving.h">
      <Filter>Include</Filter>
    </ClInclude>
    <ClInclude Include="..\..\source_code\opencv-2.4.13.4\modules\flann\include\opencv2\flann\simplex_downhill.h">
      <Filter>Include</Filter>
    </ClInclude>
    <ClInclude Include="..\..\source_code\opencv-2.4.13.4\modules\flann\include\opencv2\flann\timer.h">
      <Filter>Include</Filter>
    </ClInclude>
    <ClInclude Include="..\..\source_code\opencv-2.4.13.4\modules\flann\src\precomp.hpp">
      <Filter>Src</Filter>
    </ClInclude>
    <ClInclude Include="..\..\cvconfig.h">
      <Filter>Header Files</Filter>
    </ClInclude>
    <ClInclude Include="..\..\opencv2\opencv_modules.hpp">
      <Filter>Header Files</Filter>
    </ClInclude>
  </ItemGroup>
  <ItemGroup>
    <CustomBuild Include="..\..\source_code\opencv-2.4.13.4\modules\flann\CMakeLists.txt" />
  </ItemGroup>
  <ItemGroup>
    <Filter Include="Source Files">
      <UniqueIdentifier>{8F214FEE-C6B6-43C6-B39A-F3D599B7336F}</UniqueIdentifier>
    </Filter>
    <Filter Include="Header Files">
      <UniqueIdentifier>{FE5A605F-B78C-44D3-9786-336870AC2028}</UniqueIdentifier>
    </Filter>
    <Filter Include="Src">
      <UniqueIdentifier>{9A59168E-CC96-43CB-9022-96E085B9E6D9}</UniqueIdentifier>
    </Filter>
    <Filter Include="Include">
      <UniqueIdentifier>{18A55CBA-DA0A-4D7E-B7AA-9565C47395DD}</UniqueIdentifier>
    </Filter>
  </ItemGroup>
</Project>
