<?xml version="1.0" encoding="utf-8"?>
<Project ToolsVersion="12.0" xmlns="http://schemas.microsoft.com/developer/msbuild/2003">
  <ItemGroup>
    <ClCompile Include="..\..\source_code\opencv-2.4.13.4\modules\imgproc\src\accum.cpp">
      <Filter>Src</Filter>
    </ClCompile>
    <ClCompile Include="..\..\source_code\opencv-2.4.13.4\modules\imgproc\src\approx.cpp">
      <Filter>Src</Filter>
    </ClCompile>
    <ClCompile Include="..\..\source_code\opencv-2.4.13.4\modules\imgproc\src\avx\imgwarp_avx.cpp">
      <Filter>Src</Filter>
    </ClCompile>
    <ClCompile Include="..\..\source_code\opencv-2.4.13.4\modules\imgproc\src\avx2\imgwarp_avx2.cpp">
      <Filter>Src</Filter>
    </ClCompile>
    <ClCompile Include="..\..\source_code\opencv-2.4.13.4\modules\imgproc\src\canny.cpp">
      <Filter>Src</Filter>
    </ClCompile>
    <ClCompile Include="..\..\source_code\opencv-2.4.13.4\modules\imgproc\src\clahe.cpp">
      <Filter>Src</Filter>
    </ClCompile>
    <ClCompile Include="..\..\source_code\opencv-2.4.13.4\modules\imgproc\src\color.cpp">
      <Filter>Src</Filter>
    </ClCompile>
    <ClCompile Include="..\..\source_code\opencv-2.4.13.4\modules\imgproc\src\contours.cpp">
      <Filter>Src</Filter>
    </ClCompile>
    <ClCompile Include="..\..\source_code\opencv-2.4.13.4\modules\imgproc\src\convhull.cpp">
      <Filter>Src</Filter>
    </ClCompile>
    <ClCompile Include="..\..\source_code\opencv-2.4.13.4\modules\imgproc\src\corner.cpp">
      <Filter>Src</Filter>
    </ClCompile>
    <ClCompile Include="..\..\source_code\opencv-2.4.13.4\modules\imgproc\src\cornersubpix.cpp">
      <Filter>Src</Filter>
    </ClCompile>
    <ClCompile Include="..\..\source_code\opencv-2.4.13.4\modules\imgproc\src\deriv.cpp">
      <Filter>Src</Filter>
    </ClCompile>
    <ClCompile Include="..\..\source_code\opencv-2.4.13.4\modules\imgproc\src\distransform.cpp">
      <Filter>Src</Filter>
    </ClCompile>
    <ClCompile Include="..\..\source_code\opencv-2.4.13.4\modules\imgproc\src\emd.cpp">
      <Filter>Src</Filter>
    </ClCompile>
    <ClCompile Include="..\..\source_code\opencv-2.4.13.4\modules\imgproc\src\featureselect.cpp">
      <Filter>Src</Filter>
    </ClCompile>
    <ClCompile Include="..\..\source_code\opencv-2.4.13.4\modules\imgproc\src\filter.cpp">
      <Filter>Src</Filter>
    </ClCompile>
    <ClCompile Include="..\..\source_code\opencv-2.4.13.4\modules\imgproc\src\floodfill.cpp">
      <Filter>Src</Filter>
    </ClCompile>
    <ClCompile Include="..\..\source_code\opencv-2.4.13.4\modules\imgproc\src\gabor.cpp">
      <Filter>Src</Filter>
    </ClCompile>
    <ClCompile Include="..\..\source_code\opencv-2.4.13.4\modules\imgproc\src\generalized_hough.cpp">
      <Filter>Src</Filter>
    </ClCompile>
    <ClCompile Include="..\..\source_code\opencv-2.4.13.4\modules\imgproc\src\geometry.cpp">
      <Filter>Src</Filter>
    </ClCompile>
    <ClCompile Include="..\..\source_code\opencv-2.4.13.4\modules\imgproc\src\grabcut.cpp">
      <Filter>Src</Filter>
    </ClCompile>
    <ClCompile Include="..\..\source_code\opencv-2.4.13.4\modules\imgproc\src\histogram.cpp">
      <Filter>Src</Filter>
    </ClCompile>
    <ClCompile Include="..\..\source_code\opencv-2.4.13.4\modules\imgproc\src\hough.cpp">
      <Filter>Src</Filter>
    </ClCompile>
    <ClCompile Include="..\..\source_code\opencv-2.4.13.4\modules\imgproc\src\imgwarp.cpp">
      <Filter>Src</Filter>
    </ClCompile>
    <ClCompile Include="..\..\source_code\opencv-2.4.13.4\modules\imgproc\src\linefit.cpp">
      <Filter>Src</Filter>
    </ClCompile>
    <ClCompile Include="..\..\source_code\opencv-2.4.13.4\modules\imgproc\src\matchcontours.cpp">
      <Filter>Src</Filter>
    </ClCompile>
    <ClCompile Include="..\..\source_code\opencv-2.4.13.4\modules\imgproc\src\moments.cpp">
      <Filter>Src</Filter>
    </ClCompile>
    <ClCompile Include="..\..\source_code\opencv-2.4.13.4\modules\imgproc\src\morph.cpp">
      <Filter>Src</Filter>
    </ClCompile>
    <ClCompile Include="..\..\source_code\opencv-2.4.13.4\modules\imgproc\src\phasecorr.cpp">
      <Filter>Src</Filter>
    </ClCompile>
    <ClCompile Include="..\..\source_code\opencv-2.4.13.4\modules\imgproc\src\pyramids.cpp">
      <Filter>Src</Filter>
    </ClCompile>
    <ClCompile Include="..\..\source_code\opencv-2.4.13.4\modules\imgproc\src\rotcalipers.cpp">
      <Filter>Src</Filter>
    </ClCompile>
    <ClCompile Include="..\..\source_code\opencv-2.4.13.4\modules\imgproc\src\samplers.cpp">
      <Filter>Src</Filter>
    </ClCompile>
    <ClCompile Include="..\..\source_code\opencv-2.4.13.4\modules\imgproc\src\segmentation.cpp">
      <Filter>Src</Filter>
    </ClCompile>
    <ClCompile Include="..\..\source_code\opencv-2.4.13.4\modules\imgproc\src\shapedescr.cpp">
      <Filter>Src</Filter>
    </ClCompile>
    <ClCompile Include="..\..\source_code\opencv-2.4.13.4\modules\imgproc\src\smooth.cpp">
      <Filter>Src</Filter>
    </ClCompile>
    <ClCompile Include="..\..\source_code\opencv-2.4.13.4\modules\imgproc\src\subdivision2d.cpp">
      <Filter>Src</Filter>
    </ClCompile>
    <ClCompile Include="..\..\source_code\opencv-2.4.13.4\modules\imgproc\src\sumpixels.cpp">
      <Filter>Src</Filter>
    </ClCompile>
    <ClCompile Include="..\..\source_code\opencv-2.4.13.4\modules\imgproc\src\tables.cpp">
      <Filter>Src</Filter>
    </ClCompile>
    <ClCompile Include="..\..\source_code\opencv-2.4.13.4\modules\imgproc\src\templmatch.cpp">
      <Filter>Src</Filter>
    </ClCompile>
    <ClCompile Include="..\..\source_code\opencv-2.4.13.4\modules\imgproc\src\thresh.cpp">
      <Filter>Src</Filter>
    </ClCompile>
    <ClCompile Include="..\..\source_code\opencv-2.4.13.4\modules\imgproc\src\undistort.cpp">
      <Filter>Src</Filter>
    </ClCompile>
    <ClCompile Include="..\..\source_code\opencv-2.4.13.4\modules\imgproc\src\utils.cpp">
      <Filter>Src</Filter>
    </ClCompile>
    <ClCompile Include="opencv_imgproc_pch.cpp">
      <Filter>Source Files</Filter>
    </ClCompile>
  </ItemGroup>
  <ItemGroup>
    <ClInclude Include="..\..\source_code\opencv-2.4.13.4\modules\imgproc\include\opencv2\imgproc.hpp">
      <Filter>Include</Filter>
    </ClInclude>
    <ClInclude Include="..\..\source_code\opencv-2.4.13.4\modules\imgproc\include\opencv2\imgproc\imgproc.hpp">
      <Filter>Include</Filter>
    </ClInclude>
    <ClInclude Include="..\..\source_code\opencv-2.4.13.4\modules\imgproc\include\opencv2\imgproc\imgproc_c.h">
      <Filter>Include</Filter>
    </ClInclude>
    <ClInclude Include="..\..\source_code\opencv-2.4.13.4\modules\imgproc\include\opencv2\imgproc\types_c.h">
      <Filter>Include</Filter>
    </ClInclude>
    <ClInclude Include="..\..\source_code\opencv-2.4.13.4\modules\imgproc\src\avx\imgwarp_avx.hpp">
      <Filter>Src</Filter>
    </ClInclude>
    <ClInclude Include="..\..\source_code\opencv-2.4.13.4\modules\imgproc\src\avx2\imgwarp_avx2.hpp">
      <Filter>Src</Filter>
    </ClInclude>
    <ClInclude Include="..\..\source_code\opencv-2.4.13.4\modules\imgproc\src\gcgraph.hpp">
      <Filter>Src</Filter>
    </ClInclude>
    <ClInclude Include="..\..\source_code\opencv-2.4.13.4\modules\imgproc\src\precomp.hpp">
      <Filter>Src</Filter>
    </ClInclude>
    <ClInclude Include="..\..\source_code\opencv-2.4.13.4\modules\imgproc\src\_geom.h">
      <Filter>Src</Filter>
    </ClInclude>
    <ClInclude Include="..\..\source_code\opencv-2.4.13.4\modules\imgproc\src\_list.h">
      <Filter>Src</Filter>
    </ClInclude>
    <ClInclude Include="..\..\cvconfig.h">
      <Filter>Header Files</Filter>
    </ClInclude>
    <ClInclude Include="..\..\opencv2\opencv_modules.hpp">
      <Filter>Header Files</Filter>
    </ClInclude>
  </ItemGroup>
  <ItemGroup>
    <CustomBuild Include="..\..\source_code\opencv-2.4.13.4\modules\imgproc\CMakeLists.txt" />
  </ItemGroup>
  <ItemGroup>
    <Filter Include="Source Files">
      <UniqueIdentifier>{8F214FEE-C6B6-43C6-B39A-F3D599B7336F}</UniqueIdentifier>
    </Filter>
    <Filter Include="Header Files">
      <UniqueIdentifier>{FE5A605F-B78C-44D3-9786-336870AC2028}</UniqueIdentifier>
    </Filter>
    <Filter Include="Src">
      <UniqueIdentifier>{9A59168E-CC96-43CB-9022-96E085B9E6D9}</UniqueIdentifier>
    </Filter>
    <Filter Include="Include">
      <UniqueIdentifier>{18A55CBA-DA0A-4D7E-B7AA-9565C47395DD}</UniqueIdentifier>
    </Filter>
  </ItemGroup>
</Project>
