<?xml version="1.0" encoding="utf-8"?>
<Project ToolsVersion="12.0" xmlns="http://schemas.microsoft.com/developer/msbuild/2003">
  <ItemGroup>
    <ClCompile Include="..\..\source_code\opencv-2.4.13.4\modules\imgproc\test\test_approxpoly.cpp">
      <Filter>Src</Filter>
    </ClCompile>
    <ClCompile Include="..\..\source_code\opencv-2.4.13.4\modules\imgproc\test\test_bilateral_filter.cpp">
      <Filter>Src</Filter>
    </ClCompile>
    <ClCompile Include="..\..\source_code\opencv-2.4.13.4\modules\imgproc\test\test_boundingrect.cpp">
      <Filter>Src</Filter>
    </ClCompile>
    <ClCompile Include="..\..\source_code\opencv-2.4.13.4\modules\imgproc\test\test_canny.cpp">
      <Filter>Src</Filter>
    </ClCompile>
    <ClCompile Include="..\..\source_code\opencv-2.4.13.4\modules\imgproc\test\test_color.cpp">
      <Filter>Src</Filter>
    </ClCompile>
    <ClCompile Include="..\..\source_code\opencv-2.4.13.4\modules\imgproc\test\test_contours.cpp">
      <Filter>Src</Filter>
    </ClCompile>
    <ClCompile Include="..\..\source_code\opencv-2.4.13.4\modules\imgproc\test\test_convhull.cpp">
      <Filter>Src</Filter>
    </ClCompile>
    <ClCompile Include="..\..\source_code\opencv-2.4.13.4\modules\imgproc\test\test_cvtyuv.cpp">
      <Filter>Src</Filter>
    </ClCompile>
    <ClCompile Include="..\..\source_code\opencv-2.4.13.4\modules\imgproc\test\test_distancetransform.cpp">
      <Filter>Src</Filter>
    </ClCompile>
    <ClCompile Include="..\..\source_code\opencv-2.4.13.4\modules\imgproc\test\test_emd.cpp">
      <Filter>Src</Filter>
    </ClCompile>
    <ClCompile Include="..\..\source_code\opencv-2.4.13.4\modules\imgproc\test\test_filter.cpp">
      <Filter>Src</Filter>
    </ClCompile>
    <ClCompile Include="..\..\source_code\opencv-2.4.13.4\modules\imgproc\test\test_floodfill.cpp">
      <Filter>Src</Filter>
    </ClCompile>
    <ClCompile Include="..\..\source_code\opencv-2.4.13.4\modules\imgproc\test\test_grabcut.cpp">
      <Filter>Src</Filter>
    </ClCompile>
    <ClCompile Include="..\..\source_code\opencv-2.4.13.4\modules\imgproc\test\test_histograms.cpp">
      <Filter>Src</Filter>
    </ClCompile>
    <ClCompile Include="..\..\source_code\opencv-2.4.13.4\modules\imgproc\test\test_houghLines.cpp">
      <Filter>Src</Filter>
    </ClCompile>
    <ClCompile Include="..\..\source_code\opencv-2.4.13.4\modules\imgproc\test\test_imgwarp.cpp">
      <Filter>Src</Filter>
    </ClCompile>
    <ClCompile Include="..\..\source_code\opencv-2.4.13.4\modules\imgproc\test\test_imgwarp_strict.cpp">
      <Filter>Src</Filter>
    </ClCompile>
    <ClCompile Include="..\..\source_code\opencv-2.4.13.4\modules\imgproc\test\test_main.cpp">
      <Filter>Src</Filter>
    </ClCompile>
    <ClCompile Include="..\..\source_code\opencv-2.4.13.4\modules\imgproc\test\test_moments.cpp">
      <Filter>Src</Filter>
    </ClCompile>
    <ClCompile Include="..\..\source_code\opencv-2.4.13.4\modules\imgproc\test\test_pc.cpp">
      <Filter>Src</Filter>
    </ClCompile>
    <ClCompile Include="..\..\source_code\opencv-2.4.13.4\modules\imgproc\test\test_templmatch.cpp">
      <Filter>Src</Filter>
    </ClCompile>
    <ClCompile Include="..\..\source_code\opencv-2.4.13.4\modules\imgproc\test\test_thresh.cpp">
      <Filter>Src</Filter>
    </ClCompile>
    <ClCompile Include="..\..\source_code\opencv-2.4.13.4\modules\imgproc\test\test_watershed.cpp">
      <Filter>Src</Filter>
    </ClCompile>
    <ClCompile Include="opencv_test_imgproc_pch.cpp">
      <Filter>Source Files</Filter>
    </ClCompile>
  </ItemGroup>
  <ItemGroup>
    <ClInclude Include="..\..\source_code\opencv-2.4.13.4\modules\imgproc\test\test_precomp.hpp">
      <Filter>Include</Filter>
    </ClInclude>
  </ItemGroup>
  <ItemGroup>
    <CustomBuild Include="..\..\source_code\opencv-2.4.13.4\modules\imgproc\CMakeLists.txt" />
  </ItemGroup>
  <ItemGroup>
    <Filter Include="Source Files">
      <UniqueIdentifier>{8F214FEE-C6B6-43C6-B39A-F3D599B7336F}</UniqueIdentifier>
    </Filter>
    <Filter Include="Src">
      <UniqueIdentifier>{9A59168E-CC96-43CB-9022-96E085B9E6D9}</UniqueIdentifier>
    </Filter>
    <Filter Include="Include">
      <UniqueIdentifier>{18A55CBA-DA0A-4D7E-B7AA-9565C47395DD}</UniqueIdentifier>
    </Filter>
  </ItemGroup>
</Project>
