<?xml version="1.0" encoding="utf-8"?>
<Project ToolsVersion="12.0" xmlns="http://schemas.microsoft.com/developer/msbuild/2003">
  <ItemGroup>
    <ClCompile Include="..\..\source_code\opencv-2.4.13.4\modules\highgui\src\cap.cpp">
      <Filter>Src</Filter>
    </ClCompile>
    <ClCompile Include="..\..\source_code\opencv-2.4.13.4\modules\highgui\src\cap_images.cpp">
      <Filter>Src</Filter>
    </ClCompile>
    <ClCompile Include="..\..\source_code\opencv-2.4.13.4\modules\highgui\src\loadsave.cpp">
      <Filter>Src</Filter>
    </ClCompile>
    <ClCompile Include="..\..\source_code\opencv-2.4.13.4\modules\highgui\src\utils.cpp">
      <Filter>Src</Filter>
    </ClCompile>
    <ClCompile Include="..\..\source_code\opencv-2.4.13.4\modules\highgui\src\window.cpp">
      <Filter>Src</Filter>
    </ClCompile>
    <ClCompile Include="..\..\source_code\opencv-2.4.13.4\modules\highgui\src\window_w32.cpp">
      <Filter>Src</Filter>
    </ClCompile>
    <ClCompile Include="..\..\source_code\opencv-2.4.13.4\modules\highgui\src\cap_cmu.cpp">
      <Filter>Src</Filter>
    </ClCompile>
    <ClCompile Include="..\..\source_code\opencv-2.4.13.4\modules\highgui\src\cap_dshow.cpp">
      <Filter>Src</Filter>
    </ClCompile>
    <ClCompile Include="..\..\source_code\opencv-2.4.13.4\modules\highgui\src\cap_vfw.cpp">
      <Filter>Src</Filter>
    </ClCompile>
    <ClCompile Include="..\..\source_code\opencv-2.4.13.4\modules\highgui\src\cap_ffmpeg.cpp">
      <Filter>Src</Filter>
    </ClCompile>
    <ClCompile Include="..\..\source_code\opencv-2.4.13.4\modules\highgui\src\grfmt_base.cpp">
      <Filter>Src\grfmts</Filter>
    </ClCompile>
    <ClCompile Include="..\..\source_code\opencv-2.4.13.4\modules\highgui\src\grfmt_bmp.cpp">
      <Filter>Src\grfmts</Filter>
    </ClCompile>
    <ClCompile Include="..\..\source_code\opencv-2.4.13.4\modules\highgui\src\grfmt_exr.cpp">
      <Filter>Src\grfmts</Filter>
    </ClCompile>
    <ClCompile Include="..\..\source_code\opencv-2.4.13.4\modules\highgui\src\grfmt_imageio.cpp">
      <Filter>Src\grfmts</Filter>
    </ClCompile>
    <ClCompile Include="..\..\source_code\opencv-2.4.13.4\modules\highgui\src\grfmt_jpeg.cpp">
      <Filter>Src\grfmts</Filter>
    </ClCompile>
    <ClCompile Include="..\..\source_code\opencv-2.4.13.4\modules\highgui\src\grfmt_jpeg2000.cpp">
      <Filter>Src\grfmts</Filter>
    </ClCompile>
    <ClCompile Include="..\..\source_code\opencv-2.4.13.4\modules\highgui\src\grfmt_png.cpp">
      <Filter>Src\grfmts</Filter>
    </ClCompile>
    <ClCompile Include="..\..\source_code\opencv-2.4.13.4\modules\highgui\src\grfmt_pxm.cpp">
      <Filter>Src\grfmts</Filter>
    </ClCompile>
    <ClCompile Include="..\..\source_code\opencv-2.4.13.4\modules\highgui\src\grfmt_sunras.cpp">
      <Filter>Src\grfmts</Filter>
    </ClCompile>
    <ClCompile Include="..\..\source_code\opencv-2.4.13.4\modules\highgui\src\grfmt_tiff.cpp">
      <Filter>Src\grfmts</Filter>
    </ClCompile>
    <ClCompile Include="..\..\source_code\opencv-2.4.13.4\modules\highgui\src\bitstrm.cpp">
      <Filter>Src\grfmts</Filter>
    </ClCompile>
    <ClCompile Include="opencv_highgui_pch.cpp">
      <Filter>Source Files</Filter>
    </ClCompile>
  </ItemGroup>
  <ItemGroup>
    <ClInclude Include="..\..\source_code\opencv-2.4.13.4\modules\highgui\include\opencv2\highgui.hpp">
      <Filter>Include</Filter>
    </ClInclude>
    <ClInclude Include="..\..\source_code\opencv-2.4.13.4\modules\highgui\include\opencv2\highgui\highgui.hpp">
      <Filter>Include</Filter>
    </ClInclude>
    <ClInclude Include="..\..\source_code\opencv-2.4.13.4\modules\highgui\include\opencv2\highgui\cap_ios.h">
      <Filter>Include</Filter>
    </ClInclude>
    <ClInclude Include="..\..\source_code\opencv-2.4.13.4\modules\highgui\include\opencv2\highgui\highgui_c.h">
      <Filter>Include</Filter>
    </ClInclude>
    <ClInclude Include="..\..\source_code\opencv-2.4.13.4\modules\highgui\include\opencv2\highgui\ios.h">
      <Filter>Include</Filter>
    </ClInclude>
    <ClInclude Include="..\..\source_code\opencv-2.4.13.4\modules\highgui\src\precomp.hpp">
      <Filter>Src</Filter>
    </ClInclude>
    <ClInclude Include="..\..\source_code\opencv-2.4.13.4\modules\highgui\src\utils.hpp">
      <Filter>Src</Filter>
    </ClInclude>
    <ClInclude Include="..\..\source_code\opencv-2.4.13.4\modules\highgui\src\cap_ffmpeg_impl.hpp">
      <Filter>Src</Filter>
    </ClInclude>
    <ClInclude Include="..\..\source_code\opencv-2.4.13.4\modules\highgui\src\grfmts.hpp">
      <Filter>Src\grfmts</Filter>
    </ClInclude>
    <ClInclude Include="..\..\source_code\opencv-2.4.13.4\modules\highgui\src\grfmt_base.hpp">
      <Filter>Src\grfmts</Filter>
    </ClInclude>
    <ClInclude Include="..\..\source_code\opencv-2.4.13.4\modules\highgui\src\grfmt_bmp.hpp">
      <Filter>Src\grfmts</Filter>
    </ClInclude>
    <ClInclude Include="..\..\source_code\opencv-2.4.13.4\modules\highgui\src\grfmt_exr.hpp">
      <Filter>Src\grfmts</Filter>
    </ClInclude>
    <ClInclude Include="..\..\source_code\opencv-2.4.13.4\modules\highgui\src\grfmt_imageio.hpp">
      <Filter>Src\grfmts</Filter>
    </ClInclude>
    <ClInclude Include="..\..\source_code\opencv-2.4.13.4\modules\highgui\src\grfmt_jpeg.hpp">
      <Filter>Src\grfmts</Filter>
    </ClInclude>
    <ClInclude Include="..\..\source_code\opencv-2.4.13.4\modules\highgui\src\grfmt_jpeg2000.hpp">
      <Filter>Src\grfmts</Filter>
    </ClInclude>
    <ClInclude Include="..\..\source_code\opencv-2.4.13.4\modules\highgui\src\grfmt_png.hpp">
      <Filter>Src\grfmts</Filter>
    </ClInclude>
    <ClInclude Include="..\..\source_code\opencv-2.4.13.4\modules\highgui\src\grfmt_pxm.hpp">
      <Filter>Src\grfmts</Filter>
    </ClInclude>
    <ClInclude Include="..\..\source_code\opencv-2.4.13.4\modules\highgui\src\grfmt_sunras.hpp">
      <Filter>Src\grfmts</Filter>
    </ClInclude>
    <ClInclude Include="..\..\source_code\opencv-2.4.13.4\modules\highgui\src\grfmt_tiff.hpp">
      <Filter>Src\grfmts</Filter>
    </ClInclude>
    <ClInclude Include="..\..\source_code\opencv-2.4.13.4\modules\highgui\src\bitstrm.hpp">
      <Filter>Src\grfmts</Filter>
    </ClInclude>
    <ClInclude Include="..\..\cvconfig.h">
      <Filter>Header Files</Filter>
    </ClInclude>
    <ClInclude Include="..\..\opencv2\opencv_modules.hpp">
      <Filter>Header Files</Filter>
    </ClInclude>
  </ItemGroup>
  <ItemGroup>
    <CustomBuild Include="..\..\source_code\opencv-2.4.13.4\modules\highgui\CMakeLists.txt" />
  </ItemGroup>
  <ItemGroup>
    <Filter Include="Source Files">
      <UniqueIdentifier>{8F214FEE-C6B6-43C6-B39A-F3D599B7336F}</UniqueIdentifier>
    </Filter>
    <Filter Include="Header Files">
      <UniqueIdentifier>{FE5A605F-B78C-44D3-9786-336870AC2028}</UniqueIdentifier>
    </Filter>
    <Filter Include="Src">
      <UniqueIdentifier>{9A59168E-CC96-43CB-9022-96E085B9E6D9}</UniqueIdentifier>
    </Filter>
    <Filter Include="Include">
      <UniqueIdentifier>{18A55CBA-DA0A-4D7E-B7AA-9565C47395DD}</UniqueIdentifier>
    </Filter>
    <Filter Include="Src\grfmts">
      <UniqueIdentifier>{FEE5AF2C-C07F-4F5D-9954-A2B6559261AA}</UniqueIdentifier>
    </Filter>
  </ItemGroup>
</Project>
