<?xml version="1.0" encoding="utf-8"?>
<Project ToolsVersion="12.0" xmlns="http://schemas.microsoft.com/developer/msbuild/2003">
  <ItemGroup>
    <ClCompile Include="..\..\source_code\opencv-2.4.13.4\modules\video\test\test_accum.cpp">
      <Filter>Src</Filter>
    </ClCompile>
    <ClCompile Include="..\..\source_code\opencv-2.4.13.4\modules\video\test\test_backgroundsubtractor_gbh.cpp">
      <Filter>Src</Filter>
    </ClCompile>
    <ClCompile Include="..\..\source_code\opencv-2.4.13.4\modules\video\test\test_camshift.cpp">
      <Filter>Src</Filter>
    </ClCompile>
    <ClCompile Include="..\..\source_code\opencv-2.4.13.4\modules\video\test\test_estimaterigid.cpp">
      <Filter>Src</Filter>
    </ClCompile>
    <ClCompile Include="..\..\source_code\opencv-2.4.13.4\modules\video\test\test_kalman.cpp">
      <Filter>Src</Filter>
    </ClCompile>
    <ClCompile Include="..\..\source_code\opencv-2.4.13.4\modules\video\test\test_main.cpp">
      <Filter>Src</Filter>
    </ClCompile>
    <ClCompile Include="..\..\source_code\opencv-2.4.13.4\modules\video\test\test_motiontemplates.cpp">
      <Filter>Src</Filter>
    </ClCompile>
    <ClCompile Include="..\..\source_code\opencv-2.4.13.4\modules\video\test\test_optflowpyrlk.cpp">
      <Filter>Src</Filter>
    </ClCompile>
    <ClCompile Include="..\..\source_code\opencv-2.4.13.4\modules\video\test\test_simpleflow.cpp">
      <Filter>Src</Filter>
    </ClCompile>
    <ClCompile Include="..\..\source_code\opencv-2.4.13.4\modules\video\test\test_tvl1optflow.cpp">
      <Filter>Src</Filter>
    </ClCompile>
    <ClCompile Include="opencv_test_video_pch.cpp">
      <Filter>Source Files</Filter>
    </ClCompile>
  </ItemGroup>
  <ItemGroup>
    <ClInclude Include="..\..\source_code\opencv-2.4.13.4\modules\video\test\test_precomp.hpp">
      <Filter>Include</Filter>
    </ClInclude>
  </ItemGroup>
  <ItemGroup>
    <CustomBuild Include="..\..\source_code\opencv-2.4.13.4\modules\video\CMakeLists.txt" />
  </ItemGroup>
  <ItemGroup>
    <Filter Include="Source Files">
      <UniqueIdentifier>{8F214FEE-C6B6-43C6-B39A-F3D599B7336F}</UniqueIdentifier>
    </Filter>
    <Filter Include="Src">
      <UniqueIdentifier>{9A59168E-CC96-43CB-9022-96E085B9E6D9}</UniqueIdentifier>
    </Filter>
    <Filter Include="Include">
      <UniqueIdentifier>{18A55CBA-DA0A-4D7E-B7AA-9565C47395DD}</UniqueIdentifier>
    </Filter>
  </ItemGroup>
</Project>
