<?xml version="1.0" encoding="utf-8"?>
<Project ToolsVersion="12.0" xmlns="http://schemas.microsoft.com/developer/msbuild/2003">
  <ItemGroup>
    <CustomBuild Include="..\..\..\CMakeFiles\1a362488b9dd9bec5ffd9abe0db3e7aa\RUN_TESTS_force.rule">
      <Filter>CMake Rules</Filter>
    </CustomBuild>
  </ItemGroup>
  <ItemGroup>
    <Filter Include="CMake Rules">
      <UniqueIdentifier>{5B439C32-5D66-43FE-89DD-A3AD06586CD2}</UniqueIdentifier>
    </Filter>
  </ItemGroup>
</Project>
