Microsoft Visual Studio Solution File, Format Version 12.00
# Visual Studio 2013
Project("{8BC9CEB8-8B4A-11D0-8D11-00A0C91BC942}") = "ALL_BUILD", "ALL_BUILD.vcxproj", "{E0589045-1B8B-47DE-8A40-39C1E65791EA}"
	ProjectSection(ProjectDependencies) = postProject
		{D145BFDA-80C8-4148-80D0-1C1B5F7FAE4B} = {D145BFDA-80C8-4148-80D0-1C1B5F7FAE4B}
		{CDC58975-6C4C-4E1F-9CB1-D902C6DC7C91} = {CDC58975-6C4C-4E1F-9CB1-D902C6DC7C91}
		{A25F2DAA-07D1-4146-A084-6AA48C5FC602} = {A25F2DAA-07D1-4146-A084-6AA48C5FC602}
	EndProjectSection
EndProject
Project("{8BC9CEB8-8B4A-11D0-8D11-00A0C91BC942}") = "INSTALL", "INSTALL.vcxproj", "{C9034171-7DC7-4A53-A83B-DE0866108A1F}"
	ProjectSection(ProjectDependencies) = postProject
		{E0589045-1B8B-47DE-8A40-39C1E65791EA} = {E0589045-1B8B-47DE-8A40-39C1E65791EA}
	EndProjectSection
EndProject
Project("{8BC9CEB8-8B4A-11D0-8D11-00A0C91BC942}") = "IlmImf", "..\..\3rdparty\openexr\IlmImf.vcxproj", "{315140A9-CF22-43E8-B9CC-12A9DC118F9E}"
	ProjectSection(ProjectDependencies) = postProject
		{614B0189-C7F4-43CE-8675-48BA1E5B781E} = {614B0189-C7F4-43CE-8675-48BA1E5B781E}
		{A1A91AC6-33EA-401A-8521-D6BBDBE9E8AE} = {A1A91AC6-33EA-401A-8521-D6BBDBE9E8AE}
	EndProjectSection
EndProject
Project("{8BC9CEB8-8B4A-11D0-8D11-00A0C91BC942}") = "PACKAGE", "PACKAGE.vcxproj", "{75973924-3DBA-47DD-9FFA-7BAD590F1109}"
	ProjectSection(ProjectDependencies) = postProject
		{E0589045-1B8B-47DE-8A40-39C1E65791EA} = {E0589045-1B8B-47DE-8A40-39C1E65791EA}
	EndProjectSection
EndProject
Project("{8BC9CEB8-8B4A-11D0-8D11-00A0C91BC942}") = "RUN_TESTS", "RUN_TESTS.vcxproj", "{CB4CFCC2-4FA6-4D8D-94B2-185384E3FBE9}"
	ProjectSection(ProjectDependencies) = postProject
	EndProjectSection
EndProject
Project("{8BC9CEB8-8B4A-11D0-8D11-00A0C91BC942}") = "ZERO_CHECK", "..\..\ZERO_CHECK.vcxproj", "{614B0189-C7F4-43CE-8675-48BA1E5B781E}"
	ProjectSection(ProjectDependencies) = postProject
	EndProjectSection
EndProject
Project("{8BC9CEB8-8B4A-11D0-8D11-00A0C91BC942}") = "libjasper", "..\..\3rdparty\libjasper\libjasper.vcxproj", "{8624FB30-CB3A-4909-84A9-BFCD4E195E09}"
	ProjectSection(ProjectDependencies) = postProject
		{614B0189-C7F4-43CE-8675-48BA1E5B781E} = {614B0189-C7F4-43CE-8675-48BA1E5B781E}
	EndProjectSection
EndProject
Project("{8BC9CEB8-8B4A-11D0-8D11-00A0C91BC942}") = "libjpeg", "..\..\3rdparty\libjpeg\libjpeg.vcxproj", "{0F973DA7-57D4-427A-8166-A52C7C620207}"
	ProjectSection(ProjectDependencies) = postProject
		{614B0189-C7F4-43CE-8675-48BA1E5B781E} = {614B0189-C7F4-43CE-8675-48BA1E5B781E}
	EndProjectSection
EndProject
Project("{8BC9CEB8-8B4A-11D0-8D11-00A0C91BC942}") = "libpng", "..\..\3rdparty\libpng\libpng.vcxproj", "{72B345B5-435E-42B0-87E7-F7463130DEF1}"
	ProjectSection(ProjectDependencies) = postProject
		{614B0189-C7F4-43CE-8675-48BA1E5B781E} = {614B0189-C7F4-43CE-8675-48BA1E5B781E}
		{A1A91AC6-33EA-401A-8521-D6BBDBE9E8AE} = {A1A91AC6-33EA-401A-8521-D6BBDBE9E8AE}
	EndProjectSection
EndProject
Project("{8BC9CEB8-8B4A-11D0-8D11-00A0C91BC942}") = "libtiff", "..\..\3rdparty\libtiff\libtiff.vcxproj", "{4E9286A7-3E53-401B-9666-4659AE52D870}"
	ProjectSection(ProjectDependencies) = postProject
		{614B0189-C7F4-43CE-8675-48BA1E5B781E} = {614B0189-C7F4-43CE-8675-48BA1E5B781E}
		{A1A91AC6-33EA-401A-8521-D6BBDBE9E8AE} = {A1A91AC6-33EA-401A-8521-D6BBDBE9E8AE}
	EndProjectSection
EndProject
Project("{8BC9CEB8-8B4A-11D0-8D11-00A0C91BC942}") = "opencv_calib3d", "opencv_calib3d.vcxproj", "{D145BFDA-80C8-4148-80D0-1C1B5F7FAE4B}"
	ProjectSection(ProjectDependencies) = postProject
		{614B0189-C7F4-43CE-8675-48BA1E5B781E} = {614B0189-C7F4-43CE-8675-48BA1E5B781E}
		{56080936-10C9-4B3B-8F80-8344365E37B8} = {56080936-10C9-4B3B-8F80-8344365E37B8}
		{581C67AF-EB8B-40CE-8CC8-1F5AE06DDEC6} = {581C67AF-EB8B-40CE-8CC8-1F5AE06DDEC6}
		{48B7999D-BFBB-4555-8640-DF40C1D5CE19} = {48B7999D-BFBB-4555-8640-DF40C1D5CE19}
		{F0583667-5C4E-4CB8-8012-86D6056013D1} = {F0583667-5C4E-4CB8-8012-86D6056013D1}
		{B5A2F304-C974-4840-9241-778D26CF972F} = {B5A2F304-C974-4840-9241-778D26CF972F}
	EndProjectSection
EndProject
Project("{8BC9CEB8-8B4A-11D0-8D11-00A0C91BC942}") = "opencv_core", "..\core\opencv_core.vcxproj", "{56080936-10C9-4B3B-8F80-8344365E37B8}"
	ProjectSection(ProjectDependencies) = postProject
		{614B0189-C7F4-43CE-8675-48BA1E5B781E} = {614B0189-C7F4-43CE-8675-48BA1E5B781E}
		{A1A91AC6-33EA-401A-8521-D6BBDBE9E8AE} = {A1A91AC6-33EA-401A-8521-D6BBDBE9E8AE}
	EndProjectSection
EndProject
Project("{8BC9CEB8-8B4A-11D0-8D11-00A0C91BC942}") = "opencv_features2d", "..\features2d\opencv_features2d.vcxproj", "{581C67AF-EB8B-40CE-8CC8-1F5AE06DDEC6}"
	ProjectSection(ProjectDependencies) = postProject
		{614B0189-C7F4-43CE-8675-48BA1E5B781E} = {614B0189-C7F4-43CE-8675-48BA1E5B781E}
		{56080936-10C9-4B3B-8F80-8344365E37B8} = {56080936-10C9-4B3B-8F80-8344365E37B8}
		{48B7999D-BFBB-4555-8640-DF40C1D5CE19} = {48B7999D-BFBB-4555-8640-DF40C1D5CE19}
		{F0583667-5C4E-4CB8-8012-86D6056013D1} = {F0583667-5C4E-4CB8-8012-86D6056013D1}
		{B5A2F304-C974-4840-9241-778D26CF972F} = {B5A2F304-C974-4840-9241-778D26CF972F}
	EndProjectSection
EndProject
Project("{8BC9CEB8-8B4A-11D0-8D11-00A0C91BC942}") = "opencv_flann", "..\flann\opencv_flann.vcxproj", "{48B7999D-BFBB-4555-8640-DF40C1D5CE19}"
	ProjectSection(ProjectDependencies) = postProject
		{614B0189-C7F4-43CE-8675-48BA1E5B781E} = {614B0189-C7F4-43CE-8675-48BA1E5B781E}
		{56080936-10C9-4B3B-8F80-8344365E37B8} = {56080936-10C9-4B3B-8F80-8344365E37B8}
	EndProjectSection
EndProject
Project("{8BC9CEB8-8B4A-11D0-8D11-00A0C91BC942}") = "opencv_highgui", "..\highgui\opencv_highgui.vcxproj", "{F0583667-5C4E-4CB8-8012-86D6056013D1}"
	ProjectSection(ProjectDependencies) = postProject
		{315140A9-CF22-43E8-B9CC-12A9DC118F9E} = {315140A9-CF22-43E8-B9CC-12A9DC118F9E}
		{614B0189-C7F4-43CE-8675-48BA1E5B781E} = {614B0189-C7F4-43CE-8675-48BA1E5B781E}
		{8624FB30-CB3A-4909-84A9-BFCD4E195E09} = {8624FB30-CB3A-4909-84A9-BFCD4E195E09}
		{0F973DA7-57D4-427A-8166-A52C7C620207} = {0F973DA7-57D4-427A-8166-A52C7C620207}
		{72B345B5-435E-42B0-87E7-F7463130DEF1} = {72B345B5-435E-42B0-87E7-F7463130DEF1}
		{4E9286A7-3E53-401B-9666-4659AE52D870} = {4E9286A7-3E53-401B-9666-4659AE52D870}
		{56080936-10C9-4B3B-8F80-8344365E37B8} = {56080936-10C9-4B3B-8F80-8344365E37B8}
		{B5A2F304-C974-4840-9241-778D26CF972F} = {B5A2F304-C974-4840-9241-778D26CF972F}
		{A1A91AC6-33EA-401A-8521-D6BBDBE9E8AE} = {A1A91AC6-33EA-401A-8521-D6BBDBE9E8AE}
	EndProjectSection
EndProject
Project("{8BC9CEB8-8B4A-11D0-8D11-00A0C91BC942}") = "opencv_imgproc", "..\imgproc\opencv_imgproc.vcxproj", "{B5A2F304-C974-4840-9241-778D26CF972F}"
	ProjectSection(ProjectDependencies) = postProject
		{614B0189-C7F4-43CE-8675-48BA1E5B781E} = {614B0189-C7F4-43CE-8675-48BA1E5B781E}
		{56080936-10C9-4B3B-8F80-8344365E37B8} = {56080936-10C9-4B3B-8F80-8344365E37B8}
	EndProjectSection
EndProject
Project("{8BC9CEB8-8B4A-11D0-8D11-00A0C91BC942}") = "opencv_perf_calib3d", "opencv_perf_calib3d.vcxproj", "{CDC58975-6C4C-4E1F-9CB1-D902C6DC7C91}"
	ProjectSection(ProjectDependencies) = postProject
		{614B0189-C7F4-43CE-8675-48BA1E5B781E} = {614B0189-C7F4-43CE-8675-48BA1E5B781E}
		{D145BFDA-80C8-4148-80D0-1C1B5F7FAE4B} = {D145BFDA-80C8-4148-80D0-1C1B5F7FAE4B}
		{56080936-10C9-4B3B-8F80-8344365E37B8} = {56080936-10C9-4B3B-8F80-8344365E37B8}
		{581C67AF-EB8B-40CE-8CC8-1F5AE06DDEC6} = {581C67AF-EB8B-40CE-8CC8-1F5AE06DDEC6}
		{48B7999D-BFBB-4555-8640-DF40C1D5CE19} = {48B7999D-BFBB-4555-8640-DF40C1D5CE19}
		{F0583667-5C4E-4CB8-8012-86D6056013D1} = {F0583667-5C4E-4CB8-8012-86D6056013D1}
		{B5A2F304-C974-4840-9241-778D26CF972F} = {B5A2F304-C974-4840-9241-778D26CF972F}
		{32F593CE-A692-48EE-897A-ED8BD7D6B9E9} = {32F593CE-A692-48EE-897A-ED8BD7D6B9E9}
		{EA4BC2AE-530B-4CBB-88F0-5BFB6E819E23} = {EA4BC2AE-530B-4CBB-88F0-5BFB6E819E23}
	EndProjectSection
EndProject
Project("{8BC9CEB8-8B4A-11D0-8D11-00A0C91BC942}") = "opencv_test_calib3d", "opencv_test_calib3d.vcxproj", "{A25F2DAA-07D1-4146-A084-6AA48C5FC602}"
	ProjectSection(ProjectDependencies) = postProject
		{614B0189-C7F4-43CE-8675-48BA1E5B781E} = {614B0189-C7F4-43CE-8675-48BA1E5B781E}
		{D145BFDA-80C8-4148-80D0-1C1B5F7FAE4B} = {D145BFDA-80C8-4148-80D0-1C1B5F7FAE4B}
		{56080936-10C9-4B3B-8F80-8344365E37B8} = {56080936-10C9-4B3B-8F80-8344365E37B8}
		{581C67AF-EB8B-40CE-8CC8-1F5AE06DDEC6} = {581C67AF-EB8B-40CE-8CC8-1F5AE06DDEC6}
		{48B7999D-BFBB-4555-8640-DF40C1D5CE19} = {48B7999D-BFBB-4555-8640-DF40C1D5CE19}
		{F0583667-5C4E-4CB8-8012-86D6056013D1} = {F0583667-5C4E-4CB8-8012-86D6056013D1}
		{B5A2F304-C974-4840-9241-778D26CF972F} = {B5A2F304-C974-4840-9241-778D26CF972F}
		{32F593CE-A692-48EE-897A-ED8BD7D6B9E9} = {32F593CE-A692-48EE-897A-ED8BD7D6B9E9}
		{EA4BC2AE-530B-4CBB-88F0-5BFB6E819E23} = {EA4BC2AE-530B-4CBB-88F0-5BFB6E819E23}
	EndProjectSection
EndProject
Project("{8BC9CEB8-8B4A-11D0-8D11-00A0C91BC942}") = "opencv_ts", "..\ts\opencv_ts.vcxproj", "{32F593CE-A692-48EE-897A-ED8BD7D6B9E9}"
	ProjectSection(ProjectDependencies) = postProject
		{614B0189-C7F4-43CE-8675-48BA1E5B781E} = {614B0189-C7F4-43CE-8675-48BA1E5B781E}
		{D145BFDA-80C8-4148-80D0-1C1B5F7FAE4B} = {D145BFDA-80C8-4148-80D0-1C1B5F7FAE4B}
		{56080936-10C9-4B3B-8F80-8344365E37B8} = {56080936-10C9-4B3B-8F80-8344365E37B8}
		{581C67AF-EB8B-40CE-8CC8-1F5AE06DDEC6} = {581C67AF-EB8B-40CE-8CC8-1F5AE06DDEC6}
		{48B7999D-BFBB-4555-8640-DF40C1D5CE19} = {48B7999D-BFBB-4555-8640-DF40C1D5CE19}
		{F0583667-5C4E-4CB8-8012-86D6056013D1} = {F0583667-5C4E-4CB8-8012-86D6056013D1}
		{B5A2F304-C974-4840-9241-778D26CF972F} = {B5A2F304-C974-4840-9241-778D26CF972F}
		{EA4BC2AE-530B-4CBB-88F0-5BFB6E819E23} = {EA4BC2AE-530B-4CBB-88F0-5BFB6E819E23}
	EndProjectSection
EndProject
Project("{8BC9CEB8-8B4A-11D0-8D11-00A0C91BC942}") = "opencv_video", "..\video\opencv_video.vcxproj", "{EA4BC2AE-530B-4CBB-88F0-5BFB6E819E23}"
	ProjectSection(ProjectDependencies) = postProject
		{614B0189-C7F4-43CE-8675-48BA1E5B781E} = {614B0189-C7F4-43CE-8675-48BA1E5B781E}
		{56080936-10C9-4B3B-8F80-8344365E37B8} = {56080936-10C9-4B3B-8F80-8344365E37B8}
		{B5A2F304-C974-4840-9241-778D26CF972F} = {B5A2F304-C974-4840-9241-778D26CF972F}
	EndProjectSection
EndProject
Project("{8BC9CEB8-8B4A-11D0-8D11-00A0C91BC942}") = "zlib", "..\..\3rdparty\zlib\zlib.vcxproj", "{A1A91AC6-33EA-401A-8521-D6BBDBE9E8AE}"
	ProjectSection(ProjectDependencies) = postProject
		{614B0189-C7F4-43CE-8675-48BA1E5B781E} = {614B0189-C7F4-43CE-8675-48BA1E5B781E}
	EndProjectSection
EndProject
Project("{2150E333-8FDC-42A3-9474-1A3956D46DE8}") = "3rdparty", "3rdparty", "{5851A809-8E8C-4EC0-920A-62A301864644}"
EndProject
Project("{2150E333-8FDC-42A3-9474-1A3956D46DE8}") = "CMakeTargets", "CMakeTargets", "{BD5DB360-E710-41D2-90E4-FB9D8AD0B8F9}"
EndProject
Project("{2150E333-8FDC-42A3-9474-1A3956D46DE8}") = "modules", "modules", "{70C49F1A-8486-447A-B7CD-2544A049DF23}"
EndProject
Project("{2150E333-8FDC-42A3-9474-1A3956D46DE8}") = "tests accuracy", "tests accuracy", "{423B79C2-A5DB-494A-991E-031C6015090D}"
EndProject
Project("{2150E333-8FDC-42A3-9474-1A3956D46DE8}") = "tests performance", "tests performance", "{B8334DCA-ED73-49DD-BDB1-C0A6D7355E98}"
EndProject
Global
	GlobalSection(SolutionConfigurationPlatforms) = preSolution
		Debug|Win32 = Debug|Win32
		Release|Win32 = Release|Win32
	EndGlobalSection
	GlobalSection(ProjectConfigurationPlatforms) = postSolution
		{E0589045-1B8B-47DE-8A40-39C1E65791EA}.Debug|Win32.ActiveCfg = Debug|Win32
		{E0589045-1B8B-47DE-8A40-39C1E65791EA}.Debug|Win32.Build.0 = Debug|Win32
		{E0589045-1B8B-47DE-8A40-39C1E65791EA}.Release|Win32.ActiveCfg = Release|Win32
		{E0589045-1B8B-47DE-8A40-39C1E65791EA}.Release|Win32.Build.0 = Release|Win32
		{C9034171-7DC7-4A53-A83B-DE0866108A1F}.Debug|Win32.ActiveCfg = Debug|Win32
		{C9034171-7DC7-4A53-A83B-DE0866108A1F}.Release|Win32.ActiveCfg = Release|Win32
		{315140A9-CF22-43E8-B9CC-12A9DC118F9E}.Debug|Win32.ActiveCfg = Debug|Win32
		{315140A9-CF22-43E8-B9CC-12A9DC118F9E}.Debug|Win32.Build.0 = Debug|Win32
		{315140A9-CF22-43E8-B9CC-12A9DC118F9E}.Release|Win32.ActiveCfg = Release|Win32
		{315140A9-CF22-43E8-B9CC-12A9DC118F9E}.Release|Win32.Build.0 = Release|Win32
		{75973924-3DBA-47DD-9FFA-7BAD590F1109}.Debug|Win32.ActiveCfg = Debug|Win32
		{75973924-3DBA-47DD-9FFA-7BAD590F1109}.Release|Win32.ActiveCfg = Release|Win32
		{CB4CFCC2-4FA6-4D8D-94B2-185384E3FBE9}.Debug|Win32.ActiveCfg = Debug|Win32
		{CB4CFCC2-4FA6-4D8D-94B2-185384E3FBE9}.Release|Win32.ActiveCfg = Release|Win32
		{614B0189-C7F4-43CE-8675-48BA1E5B781E}.Debug|Win32.ActiveCfg = Debug|Win32
		{614B0189-C7F4-43CE-8675-48BA1E5B781E}.Debug|Win32.Build.0 = Debug|Win32
		{614B0189-C7F4-43CE-8675-48BA1E5B781E}.Release|Win32.ActiveCfg = Release|Win32
		{614B0189-C7F4-43CE-8675-48BA1E5B781E}.Release|Win32.Build.0 = Release|Win32
		{8624FB30-CB3A-4909-84A9-BFCD4E195E09}.Debug|Win32.ActiveCfg = Debug|Win32
		{8624FB30-CB3A-4909-84A9-BFCD4E195E09}.Debug|Win32.Build.0 = Debug|Win32
		{8624FB30-CB3A-4909-84A9-BFCD4E195E09}.Release|Win32.ActiveCfg = Release|Win32
		{8624FB30-CB3A-4909-84A9-BFCD4E195E09}.Release|Win32.Build.0 = Release|Win32
		{0F973DA7-57D4-427A-8166-A52C7C620207}.Debug|Win32.ActiveCfg = Debug|Win32
		{0F973DA7-57D4-427A-8166-A52C7C620207}.Debug|Win32.Build.0 = Debug|Win32
		{0F973DA7-57D4-427A-8166-A52C7C620207}.Release|Win32.ActiveCfg = Release|Win32
		{0F973DA7-57D4-427A-8166-A52C7C620207}.Release|Win32.Build.0 = Release|Win32
		{72B345B5-435E-42B0-87E7-F7463130DEF1}.Debug|Win32.ActiveCfg = Debug|Win32
		{72B345B5-435E-42B0-87E7-F7463130DEF1}.Debug|Win32.Build.0 = Debug|Win32
		{72B345B5-435E-42B0-87E7-F7463130DEF1}.Release|Win32.ActiveCfg = Release|Win32
		{72B345B5-435E-42B0-87E7-F7463130DEF1}.Release|Win32.Build.0 = Release|Win32
		{4E9286A7-3E53-401B-9666-4659AE52D870}.Debug|Win32.ActiveCfg = Debug|Win32
		{4E9286A7-3E53-401B-9666-4659AE52D870}.Debug|Win32.Build.0 = Debug|Win32
		{4E9286A7-3E53-401B-9666-4659AE52D870}.Release|Win32.ActiveCfg = Release|Win32
		{4E9286A7-3E53-401B-9666-4659AE52D870}.Release|Win32.Build.0 = Release|Win32
		{D145BFDA-80C8-4148-80D0-1C1B5F7FAE4B}.Debug|Win32.ActiveCfg = Debug|Win32
		{D145BFDA-80C8-4148-80D0-1C1B5F7FAE4B}.Debug|Win32.Build.0 = Debug|Win32
		{D145BFDA-80C8-4148-80D0-1C1B5F7FAE4B}.Release|Win32.ActiveCfg = Release|Win32
		{D145BFDA-80C8-4148-80D0-1C1B5F7FAE4B}.Release|Win32.Build.0 = Release|Win32
		{56080936-10C9-4B3B-8F80-8344365E37B8}.Debug|Win32.ActiveCfg = Debug|Win32
		{56080936-10C9-4B3B-8F80-8344365E37B8}.Debug|Win32.Build.0 = Debug|Win32
		{56080936-10C9-4B3B-8F80-8344365E37B8}.Release|Win32.ActiveCfg = Release|Win32
		{56080936-10C9-4B3B-8F80-8344365E37B8}.Release|Win32.Build.0 = Release|Win32
		{581C67AF-EB8B-40CE-8CC8-1F5AE06DDEC6}.Debug|Win32.ActiveCfg = Debug|Win32
		{581C67AF-EB8B-40CE-8CC8-1F5AE06DDEC6}.Debug|Win32.Build.0 = Debug|Win32
		{581C67AF-EB8B-40CE-8CC8-1F5AE06DDEC6}.Release|Win32.ActiveCfg = Release|Win32
		{581C67AF-EB8B-40CE-8CC8-1F5AE06DDEC6}.Release|Win32.Build.0 = Release|Win32
		{48B7999D-BFBB-4555-8640-DF40C1D5CE19}.Debug|Win32.ActiveCfg = Debug|Win32
		{48B7999D-BFBB-4555-8640-DF40C1D5CE19}.Debug|Win32.Build.0 = Debug|Win32
		{48B7999D-BFBB-4555-8640-DF40C1D5CE19}.Release|Win32.ActiveCfg = Release|Win32
		{48B7999D-BFBB-4555-8640-DF40C1D5CE19}.Release|Win32.Build.0 = Release|Win32
		{F0583667-5C4E-4CB8-8012-86D6056013D1}.Debug|Win32.ActiveCfg = Debug|Win32
		{F0583667-5C4E-4CB8-8012-86D6056013D1}.Debug|Win32.Build.0 = Debug|Win32
		{F0583667-5C4E-4CB8-8012-86D6056013D1}.Release|Win32.ActiveCfg = Release|Win32
		{F0583667-5C4E-4CB8-8012-86D6056013D1}.Release|Win32.Build.0 = Release|Win32
		{B5A2F304-C974-4840-9241-778D26CF972F}.Debug|Win32.ActiveCfg = Debug|Win32
		{B5A2F304-C974-4840-9241-778D26CF972F}.Debug|Win32.Build.0 = Debug|Win32
		{B5A2F304-C974-4840-9241-778D26CF972F}.Release|Win32.ActiveCfg = Release|Win32
		{B5A2F304-C974-4840-9241-778D26CF972F}.Release|Win32.Build.0 = Release|Win32
		{CDC58975-6C4C-4E1F-9CB1-D902C6DC7C91}.Debug|Win32.ActiveCfg = Debug|Win32
		{CDC58975-6C4C-4E1F-9CB1-D902C6DC7C91}.Debug|Win32.Build.0 = Debug|Win32
		{CDC58975-6C4C-4E1F-9CB1-D902C6DC7C91}.Release|Win32.ActiveCfg = Release|Win32
		{CDC58975-6C4C-4E1F-9CB1-D902C6DC7C91}.Release|Win32.Build.0 = Release|Win32
		{A25F2DAA-07D1-4146-A084-6AA48C5FC602}.Debug|Win32.ActiveCfg = Debug|Win32
		{A25F2DAA-07D1-4146-A084-6AA48C5FC602}.Debug|Win32.Build.0 = Debug|Win32
		{A25F2DAA-07D1-4146-A084-6AA48C5FC602}.Release|Win32.ActiveCfg = Release|Win32
		{A25F2DAA-07D1-4146-A084-6AA48C5FC602}.Release|Win32.Build.0 = Release|Win32
		{32F593CE-A692-48EE-897A-ED8BD7D6B9E9}.Debug|Win32.ActiveCfg = Debug|Win32
		{32F593CE-A692-48EE-897A-ED8BD7D6B9E9}.Debug|Win32.Build.0 = Debug|Win32
		{32F593CE-A692-48EE-897A-ED8BD7D6B9E9}.Release|Win32.ActiveCfg = Release|Win32
		{32F593CE-A692-48EE-897A-ED8BD7D6B9E9}.Release|Win32.Build.0 = Release|Win32
		{EA4BC2AE-530B-4CBB-88F0-5BFB6E819E23}.Debug|Win32.ActiveCfg = Debug|Win32
		{EA4BC2AE-530B-4CBB-88F0-5BFB6E819E23}.Debug|Win32.Build.0 = Debug|Win32
		{EA4BC2AE-530B-4CBB-88F0-5BFB6E819E23}.Release|Win32.ActiveCfg = Release|Win32
		{EA4BC2AE-530B-4CBB-88F0-5BFB6E819E23}.Release|Win32.Build.0 = Release|Win32
		{A1A91AC6-33EA-401A-8521-D6BBDBE9E8AE}.Debug|Win32.ActiveCfg = Debug|Win32
		{A1A91AC6-33EA-401A-8521-D6BBDBE9E8AE}.Debug|Win32.Build.0 = Debug|Win32
		{A1A91AC6-33EA-401A-8521-D6BBDBE9E8AE}.Release|Win32.ActiveCfg = Release|Win32
		{A1A91AC6-33EA-401A-8521-D6BBDBE9E8AE}.Release|Win32.Build.0 = Release|Win32
	EndGlobalSection
	GlobalSection(NestedProjects) = preSolution
		{315140A9-CF22-43E8-B9CC-12A9DC118F9E} = {5851A809-8E8C-4EC0-920A-62A301864644}
		{8624FB30-CB3A-4909-84A9-BFCD4E195E09} = {5851A809-8E8C-4EC0-920A-62A301864644}
		{0F973DA7-57D4-427A-8166-A52C7C620207} = {5851A809-8E8C-4EC0-920A-62A301864644}
		{72B345B5-435E-42B0-87E7-F7463130DEF1} = {5851A809-8E8C-4EC0-920A-62A301864644}
		{4E9286A7-3E53-401B-9666-4659AE52D870} = {5851A809-8E8C-4EC0-920A-62A301864644}
		{A1A91AC6-33EA-401A-8521-D6BBDBE9E8AE} = {5851A809-8E8C-4EC0-920A-62A301864644}
		{C9034171-7DC7-4A53-A83B-DE0866108A1F} = {BD5DB360-E710-41D2-90E4-FB9D8AD0B8F9}
		{75973924-3DBA-47DD-9FFA-7BAD590F1109} = {BD5DB360-E710-41D2-90E4-FB9D8AD0B8F9}
		{CB4CFCC2-4FA6-4D8D-94B2-185384E3FBE9} = {BD5DB360-E710-41D2-90E4-FB9D8AD0B8F9}
		{614B0189-C7F4-43CE-8675-48BA1E5B781E} = {BD5DB360-E710-41D2-90E4-FB9D8AD0B8F9}
		{D145BFDA-80C8-4148-80D0-1C1B5F7FAE4B} = {70C49F1A-8486-447A-B7CD-2544A049DF23}
		{56080936-10C9-4B3B-8F80-8344365E37B8} = {70C49F1A-8486-447A-B7CD-2544A049DF23}
		{581C67AF-EB8B-40CE-8CC8-1F5AE06DDEC6} = {70C49F1A-8486-447A-B7CD-2544A049DF23}
		{48B7999D-BFBB-4555-8640-DF40C1D5CE19} = {70C49F1A-8486-447A-B7CD-2544A049DF23}
		{F0583667-5C4E-4CB8-8012-86D6056013D1} = {70C49F1A-8486-447A-B7CD-2544A049DF23}
		{B5A2F304-C974-4840-9241-778D26CF972F} = {70C49F1A-8486-447A-B7CD-2544A049DF23}
		{32F593CE-A692-48EE-897A-ED8BD7D6B9E9} = {70C49F1A-8486-447A-B7CD-2544A049DF23}
		{EA4BC2AE-530B-4CBB-88F0-5BFB6E819E23} = {70C49F1A-8486-447A-B7CD-2544A049DF23}
		{A25F2DAA-07D1-4146-A084-6AA48C5FC602} = {423B79C2-A5DB-494A-991E-031C6015090D}
		{CDC58975-6C4C-4E1F-9CB1-D902C6DC7C91} = {B8334DCA-ED73-49DD-BDB1-C0A6D7355E98}
	EndGlobalSection
	GlobalSection(ExtensibilityGlobals) = postSolution
	EndGlobalSection
	GlobalSection(ExtensibilityAddIns) = postSolution
	EndGlobalSection
EndGlobal
